
Microsoft Visual Studio Solution File, Format Version 12.00
# Visual Studio Version 17
VisualStudioVersion = 17.11.35327.3
MinimumVisualStudioVersion = 10.0.40219.1
Project("{8BC9CEB8-8B4A-11D0-8D11-00A0C91BC942}") = "项目架构", "项目架构.vcxproj", "{80DD4ADF-01F7-4345-BFCC-2A095D76C287}"
EndProject
Global
	GlobalSection(SolutionConfigurationPlatforms) = preSolution
		Debug|x64 = Debug|x64
		Debug|x86 = Debug|x86
		Release|x64 = Release|x64
		Release|x86 = Release|x86
	EndGlobalSection
	GlobalSection(ProjectConfigurationPlatforms) = postSolution
		{80DD4ADF-01F7-4345-BFCC-2A095D76C287}.Debug|x64.ActiveCfg = Debug|x64
		{80DD4ADF-01F7-4345-BFCC-2A095D76C287}.Debug|x64.Build.0 = Debug|x64
		{80DD4ADF-01F7-4345-BFCC-2A095D76C287}.Debug|x86.ActiveCfg = Debug|Win32
		{80DD4ADF-01F7-4345-BFCC-2A095D76C287}.Debug|x86.Build.0 = Debug|Win32
		{80DD4ADF-01F7-4345-BFCC-2A095D76C287}.Release|x64.ActiveCfg = Release|x64
		{80DD4ADF-01F7-4345-BFCC-2A095D76C287}.Release|x64.Build.0 = Release|x64
		{80DD4ADF-01F7-4345-BFCC-2A095D76C287}.Release|x86.ActiveCfg = Release|Win32
		{80DD4ADF-01F7-4345-BFCC-2A095D76C287}.Release|x86.Build.0 = Release|Win32
	EndGlobalSection
	GlobalSection(SolutionProperties) = preSolution
		HideSolutionNode = FALSE
	EndGlobalSection
	GlobalSection(ExtensibilityGlobals) = postSolution
		SolutionGuid = {BD260A08-D4E4-44F9-A263-40EC48E3834B}
	EndGlobalSection
EndGlobal
